
Microsoft Visual Studio Solution File, Format Version 12.00
# Visual Studio Version 17
VisualStudioVersion = 17.9.34607.119
MinimumVisualStudioVersion = 10.0.40219.1
Project("{FAE04EC0-301F-11D3-BF4B-00C04F79EFBC}") = "Ancla", "Ancla\Ancla.csproj", "{0356EA7C-2764-4CFD-B650-44FF1D9EA0C3}"
EndProject
Project("{FAE04EC0-301F-11D3-BF4B-00C04F79EFBC}") = "AnchorCommandLine", "AnchorCommandLine\AnchorCommandLine.csproj", "{A76B9670-4F8E-4819-93D8-99445FD137C2}"
EndProject
Project("{FAE04EC0-301F-11D3-BF4B-00C04F79EFBC}") = "AnchorLib", "AnchorLib\AnchorLib.csproj", "{A22E7BC0-6973-4C10-BCE6-B804A4668B51}"
EndProject
Project("{FAE04EC0-301F-11D3-BF4B-00C04F79EFBC}") = "Database", "Database\Database.csproj", "{C8D11AAF-1A51-47F1-9287-95DE9F724528}"
	ProjectSection(ProjectDependencies) = postProject
		{A22E7BC0-6973-4C10-BCE6-B804A4668B51} = {A22E7BC0-6973-4C10-BCE6-B804A4668B51}
	EndProjectSection
EndProject
Global
	GlobalSection(SolutionConfigurationPlatforms) = preSolution
		Debug|Any CPU = Debug|Any CPU
		Release|Any CPU = Release|Any CPU
	EndGlobalSection
	GlobalSection(ProjectConfigurationPlatforms) = postSolution
		{0356EA7C-2764-4CFD-B650-44FF1D9EA0C3}.Debug|Any CPU.ActiveCfg = Debug|Any CPU
		{0356EA7C-2764-4CFD-B650-44FF1D9EA0C3}.Debug|Any CPU.Build.0 = Debug|Any CPU
		{0356EA7C-2764-4CFD-B650-44FF1D9EA0C3}.Release|Any CPU.ActiveCfg = Release|Any CPU
		{0356EA7C-2764-4CFD-B650-44FF1D9EA0C3}.Release|Any CPU.Build.0 = Release|Any CPU
		{A76B9670-4F8E-4819-93D8-99445FD137C2}.Debug|Any CPU.ActiveCfg = Debug|Any CPU
		{A76B9670-4F8E-4819-93D8-99445FD137C2}.Debug|Any CPU.Build.0 = Debug|Any CPU
		{A76B9670-4F8E-4819-93D8-99445FD137C2}.Release|Any CPU.ActiveCfg = Release|Any CPU
		{A76B9670-4F8E-4819-93D8-99445FD137C2}.Release|Any CPU.Build.0 = Release|Any CPU
		{A22E7BC0-6973-4C10-BCE6-B804A4668B51}.Debug|Any CPU.ActiveCfg = Debug|Any CPU
		{A22E7BC0-6973-4C10-BCE6-B804A4668B51}.Debug|Any CPU.Build.0 = Debug|Any CPU
		{A22E7BC0-6973-4C10-BCE6-B804A4668B51}.Release|Any CPU.ActiveCfg = Release|Any CPU
		{A22E7BC0-6973-4C10-BCE6-B804A4668B51}.Release|Any CPU.Build.0 = Release|Any CPU
		{C8D11AAF-1A51-47F1-9287-95DE9F724528}.Debug|Any CPU.ActiveCfg = Debug|Any CPU
		{C8D11AAF-1A51-47F1-9287-95DE9F724528}.Debug|Any CPU.Build.0 = Debug|Any CPU
		{C8D11AAF-1A51-47F1-9287-95DE9F724528}.Release|Any CPU.ActiveCfg = Release|Any CPU
		{C8D11AAF-1A51-47F1-9287-95DE9F724528}.Release|Any CPU.Build.0 = Release|Any CPU
	EndGlobalSection
	GlobalSection(SolutionProperties) = preSolution
		HideSolutionNode = FALSE
	EndGlobalSection
	GlobalSection(ExtensibilityGlobals) = postSolution
		SolutionGuid = {DABC24D3-0C52-485C-BDE6-53EBF7490775}
	EndGlobalSection
EndGlobal
