
Microsoft Visual Studio Solution File, Format Version 12.00
# Visual Studio Version 17
VisualStudioVersion = 17.9.34607.119
MinimumVisualStudioVersion = 10.0.40219.1
Project("{9A19103F-16F7-4668-BE54-9A1E7A4F7556}") = "Ancla", "Ancla\Ancla.csproj", "{0356EA7C-2764-4CFD-B650-44FF1D9EA0C3}"
EndProject
Project("{9A19103F-16F7-4668-BE54-9A1E7A4F7556}") = "AnchorCommandLine", "AnchorCommandLine\AnchorCommandLine.csproj", "{A76B9670-4F8E-4819-93D8-99445FD137C2}"
EndProject
Project("{9A19103F-16F7-4668-BE54-9A1E7A4F7556}") = "AnchorLib", "AnchorLib\AnchorLib.csproj", "{A22E7BC0-6973-4C10-BCE6-B804A4668B51}"
EndProject
Project("{9A19103F-16F7-4668-BE54-9A1E7A4F7556}") = "Database", "Database\Database.csproj", "{C8D11AAF-1A51-47F1-9287-95DE9F724528}"
	ProjectSection(ProjectDependencies) = postProject
		{A22E7BC0-6973-4C10-BCE6-B804A4668B51} = {A22E7BC0-6973-4C10-BCE6-B804A4668B51}
	EndProjectSection
EndProject
Project("{9A19103F-16F7-4668-BE54-9A1E7A4F7556}") = "Tests", "Tests\Tests.csproj", "{6FA894B1-0311-4C8B-9E72-EDC902E6AB17}"
EndProject
Project("{888888A0-9F3D-457C-B088-3A5042F75D52}") = "AnclaPy", "AnclaPy\AnclaPy.pyproj", "{2191A9CA-88B3-4E2D-BCDB-0F1038461AB0}"
EndProject
Global
	GlobalSection(SolutionConfigurationPlatforms) = preSolution
		Debug|Any CPU = Debug|Any CPU
		Release|Any CPU = Release|Any CPU
	EndGlobalSection
	GlobalSection(ProjectConfigurationPlatforms) = postSolution
		{0356EA7C-2764-4CFD-B650-44FF1D9EA0C3}.Debug|Any CPU.ActiveCfg = Debug|Any CPU
		{0356EA7C-2764-4CFD-B650-44FF1D9EA0C3}.Debug|Any CPU.Build.0 = Debug|Any CPU
		{0356EA7C-2764-4CFD-B650-44FF1D9EA0C3}.Release|Any CPU.ActiveCfg = Release|Any CPU
		{0356EA7C-2764-4CFD-B650-44FF1D9EA0C3}.Release|Any CPU.Build.0 = Release|Any CPU
		{A76B9670-4F8E-4819-93D8-99445FD137C2}.Debug|Any CPU.ActiveCfg = Debug|Any CPU
		{A76B9670-4F8E-4819-93D8-99445FD137C2}.Debug|Any CPU.Build.0 = Debug|Any CPU
		{A76B9670-4F8E-4819-93D8-99445FD137C2}.Release|Any CPU.ActiveCfg = Release|Any CPU
		{A76B9670-4F8E-4819-93D8-99445FD137C2}.Release|Any CPU.Build.0 = Release|Any CPU
		{A22E7BC0-6973-4C10-BCE6-B804A4668B51}.Debug|Any CPU.ActiveCfg = Debug|Any CPU
		{A22E7BC0-6973-4C10-BCE6-B804A4668B51}.Debug|Any CPU.Build.0 = Debug|Any CPU
		{A22E7BC0-6973-4C10-BCE6-B804A4668B51}.Release|Any CPU.ActiveCfg = Release|Any CPU
		{A22E7BC0-6973-4C10-BCE6-B804A4668B51}.Release|Any CPU.Build.0 = Release|Any CPU
		{C8D11AAF-1A51-47F1-9287-95DE9F724528}.Debug|Any CPU.ActiveCfg = Debug|Any CPU
		{C8D11AAF-1A51-47F1-9287-95DE9F724528}.Debug|Any CPU.Build.0 = Debug|Any CPU
		{C8D11AAF-1A51-47F1-9287-95DE9F724528}.Release|Any CPU.ActiveCfg = Release|Any CPU
		{C8D11AAF-1A51-47F1-9287-95DE9F724528}.Release|Any CPU.Build.0 = Release|Any CPU
		{6FA894B1-0311-4C8B-9E72-EDC902E6AB17}.Debug|Any CPU.ActiveCfg = Debug|Any CPU
		{6FA894B1-0311-4C8B-9E72-EDC902E6AB17}.Debug|Any CPU.Build.0 = Debug|Any CPU
		{6FA894B1-0311-4C8B-9E72-EDC902E6AB17}.Release|Any CPU.ActiveCfg = Release|Any CPU
		{6FA894B1-0311-4C8B-9E72-EDC902E6AB17}.Release|Any CPU.Build.0 = Release|Any CPU
		{2191A9CA-88B3-4E2D-BCDB-0F1038461AB0}.Debug|Any CPU.ActiveCfg = Debug|Any CPU
		{2191A9CA-88B3-4E2D-BCDB-0F1038461AB0}.Release|Any CPU.ActiveCfg = Release|Any CPU
	EndGlobalSection
	GlobalSection(SolutionProperties) = preSolution
		HideSolutionNode = FALSE
	EndGlobalSection
	GlobalSection(ExtensibilityGlobals) = postSolution
		SolutionGuid = {DABC24D3-0C52-485C-BDE6-53EBF7490775}
	EndGlobalSection
EndGlobal
